
Microsoft Visual Studio Solution File, Format Version 12.00
# Visual Studio 2012
Project("{FAE04EC0-301F-11D3-BF4B-00C04F79EFBC}") = "TubeStatusFetcher", "TubeStatusFetcher\TubeStatusFetcher.csproj", "{AC276DFB-B6BC-4BEB-88CC-6F8D4637A679}"
EndProject
Project("{FAE04EC0-301F-11D3-BF4B-00C04F79EFBC}") = "TubeStatusFetcher.Core", "..\TubeStatusFetcher.Core\TubeStatusFetcher.Core.csproj", "{356B8D45-A7EF-4C3E-A408-53C6EE74BAC8}"
EndProject
Global
	GlobalSection(SolutionConfigurationPlatforms) = preSolution
		Debug|iPhoneSimulator = Debug|iPhoneSimulator
		Release|iPhone = Release|iPhone
		Release|iPhoneSimulator = Release|iPhoneSimulator
		Debug|iPhone = Debug|iPhone
		Debug|Any CPU = Debug|Any CPU
		Release|Any CPU = Release|Any CPU
	EndGlobalSection
	GlobalSection(ProjectConfigurationPlatforms) = postSolution
		{356B8D45-A7EF-4C3E-A408-53C6EE74BAC8}.Debug|Any CPU.ActiveCfg = Debug|Any CPU
		{356B8D45-A7EF-4C3E-A408-53C6EE74BAC8}.Debug|Any CPU.Build.0 = Debug|Any CPU
		{356B8D45-A7EF-4C3E-A408-53C6EE74BAC8}.Debug|iPhone.ActiveCfg = Debug|Any CPU
		{356B8D45-A7EF-4C3E-A408-53C6EE74BAC8}.Debug|iPhone.Build.0 = Debug|Any CPU
		{356B8D45-A7EF-4C3E-A408-53C6EE74BAC8}.Debug|iPhoneSimulator.ActiveCfg = Debug|Any CPU
		{356B8D45-A7EF-4C3E-A408-53C6EE74BAC8}.Debug|iPhoneSimulator.Build.0 = Debug|Any CPU
		{356B8D45-A7EF-4C3E-A408-53C6EE74BAC8}.Release|Any CPU.ActiveCfg = Release|Any CPU
		{356B8D45-A7EF-4C3E-A408-53C6EE74BAC8}.Release|Any CPU.Build.0 = Release|Any CPU
		{356B8D45-A7EF-4C3E-A408-53C6EE74BAC8}.Release|iPhone.ActiveCfg = Release|Any CPU
		{356B8D45-A7EF-4C3E-A408-53C6EE74BAC8}.Release|iPhone.Build.0 = Release|Any CPU
		{356B8D45-A7EF-4C3E-A408-53C6EE74BAC8}.Release|iPhoneSimulator.ActiveCfg = Release|Any CPU
		{356B8D45-A7EF-4C3E-A408-53C6EE74BAC8}.Release|iPhoneSimulator.Build.0 = Release|Any CPU
		{AC276DFB-B6BC-4BEB-88CC-6F8D4637A679}.Debug|Any CPU.ActiveCfg = Debug|iPhoneSimulator
		{AC276DFB-B6BC-4BEB-88CC-6F8D4637A679}.Debug|Any CPU.Build.0 = Debug|iPhoneSimulator
		{AC276DFB-B6BC-4BEB-88CC-6F8D4637A679}.Debug|iPhone.ActiveCfg = Debug|iPhone
		{AC276DFB-B6BC-4BEB-88CC-6F8D4637A679}.Debug|iPhone.Build.0 = Debug|iPhone
		{AC276DFB-B6BC-4BEB-88CC-6F8D4637A679}.Debug|iPhoneSimulator.ActiveCfg = Debug|iPhoneSimulator
		{AC276DFB-B6BC-4BEB-88CC-6F8D4637A679}.Debug|iPhoneSimulator.Build.0 = Debug|iPhoneSimulator
		{AC276DFB-B6BC-4BEB-88CC-6F8D4637A679}.Release|Any CPU.ActiveCfg = Release|iPhone
		{AC276DFB-B6BC-4BEB-88CC-6F8D4637A679}.Release|Any CPU.Build.0 = Release|iPhone
		{AC276DFB-B6BC-4BEB-88CC-6F8D4637A679}.Release|iPhone.ActiveCfg = Release|iPhone
		{AC276DFB-B6BC-4BEB-88CC-6F8D4637A679}.Release|iPhone.Build.0 = Release|iPhone
		{AC276DFB-B6BC-4BEB-88CC-6F8D4637A679}.Release|iPhoneSimulator.ActiveCfg = Release|iPhoneSimulator
		{AC276DFB-B6BC-4BEB-88CC-6F8D4637A679}.Release|iPhoneSimulator.Build.0 = Release|iPhoneSimulator
	EndGlobalSection
EndGlobal
