// !$*UTF8*$!
{
	archiveVersion = 1;
	classes = {
	};
	objectVersion = 46;
	objects = {

/* Begin PBXBuildFile section */
		E71B6EE51BE7EF8300520507 /* AppDelegate.swift in Sources */ = {isa = PBXBuildFile; fileRef = E71B6EE41BE7EF8300520507 /* AppDelegate.swift */; };
		E71B6EEA1BE7EF8300520507 /* Main.storyboard in Resources */ = {isa = PBXBuildFile; fileRef = E71B6EE81BE7EF8300520507 /* Main.storyboard */; };
		E71B6EEC1BE7EF8300520507 /* Assets.xcassets in Resources */ = {isa = PBXBuildFile; fileRef = E71B6EEB1BE7EF8300520507 /* Assets.xcassets */; };
		E71B6EEF1BE7EF8300520507 /* LaunchScreen.storyboard in Resources */ = {isa = PBXBuildFile; fileRef = E71B6EED1BE7EF8300520507 /* LaunchScreen.storyboard */; };
		E75859B11BEE15A9003863D0 /* TFLConfig.swift in Sources */ = {isa = PBXBuildFile; fileRef = E75859B01BEE15A9003863D0 /* TFLConfig.swift */; };
		E7BDBA791BEE38340027EF6F /* TFLClient.swift in Sources */ = {isa = PBXBuildFile; fileRef = E7BDBA771BEE38340027EF6F /* TFLClient.swift */; };
		E7BDBA7A1BEE38340027EF6F /* TFLConstants.swift in Sources */ = {isa = PBXBuildFile; fileRef = E7BDBA781BEE38340027EF6F /* TFLConstants.swift */; };
		E7BDBA7C1BEE3B9F0027EF6F /* TubeStatusViewController.swift in Sources */ = {isa = PBXBuildFile; fileRef = E7BDBA7B1BEE3B9F0027EF6F /* TubeStatusViewController.swift */; };
		E7BDBA7E1BEE3EFA0027EF6F /* LineInfo.swift in Sources */ = {isa = PBXBuildFile; fileRef = E7BDBA7D1BEE3EFA0027EF6F /* LineInfo.swift */; };
		E7BDBA801BEE3F590027EF6F /* RGB.swift in Sources */ = {isa = PBXBuildFile; fileRef = E7BDBA7F1BEE3F590027EF6F /* RGB.swift */; };
		E7BDBA831BEE42090027EF6F /* TubeInfoTableViewCell.swift in Sources */ = {isa = PBXBuildFile; fileRef = E7BDBA821BEE42090027EF6F /* TubeInfoTableViewCell.swift */; };
		E7BDBA851BEE635B0027EF6F /* TFLConvenience.swift in Sources */ = {isa = PBXBuildFile; fileRef = E7BDBA841BEE635B0027EF6F /* TFLConvenience.swift */; };
		E7BDBA871BEE7FCD0027EF6F /* TubeColourHelper.swift in Sources */ = {isa = PBXBuildFile; fileRef = E7BDBA861BEE7FCD0027EF6F /* TubeColourHelper.swift */; };
		E7BDBA8D1BEE87A30027EF6F /* colour.json in Resources */ = {isa = PBXBuildFile; fileRef = E7BDBA8C1BEE87A30027EF6F /* colour.json */; };

/* End PBXBuildFile section */

/* Begin PBXFileReference section */
		E71B6EE11BE7EF8300520507 /* TubeStatusFetcher.UI.Swift.app */ = {isa = PBXFileReference; explicitFileType = wrapper.application; includeInIndex = 0; path = TubeStatusFetcher.UI.Swift.app; sourceTree = BUILT_PRODUCTS_DIR; };
		E71B6EE41BE7EF8300520507 /* AppDelegate.swift */ = {isa = PBXFileReference; lastKnownFileType = sourcecode.swift; path = AppDelegate.swift; sourceTree = "<group>"; };
		E71B6EE91BE7EF8300520507 /* Base */ = {isa = PBXFileReference; lastKnownFileType = file.storyboard; name = Base; path = Base.lproj/Main.storyboard; sourceTree = "<group>"; };
		E71B6EEB1BE7EF8300520507 /* Assets.xcassets */ = {isa = PBXFileReference; lastKnownFileType = folder.assetcatalog; path = Assets.xcassets; sourceTree = "<group>"; };
		E71B6EEE1BE7EF8300520507 /* Base */ = {isa = PBXFileReference; lastKnownFileType = file.storyboard; name = Base; path = Base.lproj/LaunchScreen.storyboard; sourceTree = "<group>"; };
		E71B6EF01BE7EF8300520507 /* Info.plist */ = {isa = PBXFileReference; lastKnownFileType = text.plist.xml; path = Info.plist; sourceTree = "<group>"; };
		E75859B01BEE15A9003863D0 /* TFLConfig.swift */ = {isa = PBXFileReference; fileEncoding = 4; lastKnownFileType = sourcecode.swift; name = TFLConfig.swift; path = Model/TFLConfig.swift; sourceTree = "<group>"; };
		E7BDBA771BEE38340027EF6F /* TFLClient.swift */ = {isa = PBXFileReference; fileEncoding = 4; lastKnownFileType = sourcecode.swift; name = TFLClient.swift; path = Model/TFLClient.swift; sourceTree = "<group>"; };
		E7BDBA781BEE38340027EF6F /* TFLConstants.swift */ = {isa = PBXFileReference; fileEncoding = 4; lastKnownFileType = sourcecode.swift; name = TFLConstants.swift; path = Model/TFLConstants.swift; sourceTree = "<group>"; };
		E7BDBA7B1BEE3B9F0027EF6F /* TubeStatusViewController.swift */ = {isa = PBXFileReference; fileEncoding = 4; lastKnownFileType = sourcecode.swift; name = TubeStatusViewController.swift; path = Controller/TubeStatusViewController.swift; sourceTree = "<group>"; };
		E7BDBA7D1BEE3EFA0027EF6F /* LineInfo.swift */ = {isa = PBXFileReference; fileEncoding = 4; lastKnownFileType = sourcecode.swift; name = LineInfo.swift; path = Model/LineInfo.swift; sourceTree = "<group>"; };
		E7BDBA7F1BEE3F590027EF6F /* RGB.swift */ = {isa = PBXFileReference; fileEncoding = 4; lastKnownFileType = sourcecode.swift; name = RGB.swift; path = Model/RGB.swift; sourceTree = "<group>"; };
		E7BDBA821BEE42090027EF6F /* TubeInfoTableViewCell.swift */ = {isa = PBXFileReference; fileEncoding = 4; lastKnownFileType = sourcecode.swift; name = TubeInfoTableViewCell.swift; path = View/TubeInfoTableViewCell.swift; sourceTree = "<group>"; };
		E7BDBA841BEE635B0027EF6F /* TFLConvenience.swift */ = {isa = PBXFileReference; fileEncoding = 4; lastKnownFileType = sourcecode.swift; name = TFLConvenience.swift; path = Model/TFLConvenience.swift; sourceTree = "<group>"; };
		E7BDBA861BEE7FCD0027EF6F /* TubeColourHelper.swift */ = {isa = PBXFileReference; fileEncoding = 4; lastKnownFileType = sourcecode.swift; name = TubeColourHelper.swift; path = Model/TubeColourHelper.swift; sourceTree = "<group>"; };
		E7BDBA8C1BEE87A30027EF6F /* colour.json */ = {isa = PBXFileReference; fileEncoding = 4; lastKnownFileType = text.json; path = colour.json; sourceTree = "<group>"; };

/* End PBXFileReference section */

/* Begin PBXFrameworksBuildPhase section */
		E71B6EDE1BE7EF8300520507 /* Frameworks */ = {
			isa = PBXFrameworksBuildPhase;
			buildActionMask = 2147483647;
			files = (
			);
			runOnlyForDeploymentPostprocessing = 0;
		};
/* End PBXFrameworksBuildPhase section */

/* Begin PBXGroup section */
		E71B6ED81BE7EF8300520507 = {
			isa = PBXGroup;
			children = (
				E71B6EE31BE7EF8300520507 /* TubeStatusFetcher.UI.Swift */,
				E71B6EE21BE7EF8300520507 /* Products */,
			);
			sourceTree = "<group>";
		};
		E71B6EE21BE7EF8300520507 /* Products */ = {
			isa = PBXGroup;
			children = (
				E71B6EE11BE7EF8300520507 /* TubeStatusFetcher.UI.Swift.app */,
			);
			name = Products;
			sourceTree = "<group>";
		};
		E71B6EE31BE7EF8300520507 /* TubeStatusFetcher.UI.Swift */ = {
			isa = PBXGroup;
			children = (
				E7BDBA811BEE41D00027EF6F /* View */,
				E760B2191BE7F49C0014D61B /* Assets */,
				E7CA8E181BE7F39C00CF56B3 /* Controller */,
				E7CA8E171BE7F38D00CF56B3 /* Model */,
				E71B6EE41BE7EF8300520507 /* AppDelegate.swift */,
				E71B6EE81BE7EF8300520507 /* Main.storyboard */,
				E71B6EED1BE7EF8300520507 /* LaunchScreen.storyboard */,
				E71B6EF01BE7EF8300520507 /* Info.plist */,
			);
			path = TubeStatusFetcher.UI.Swift;
			sourceTree = "<group>";
		};
		E760B2191BE7F49C0014D61B /* Assets */ = {
			isa = PBXGroup;
			children = (
				E7BDBA8C1BEE87A30027EF6F /* colour.json */,
				E71B6EEB1BE7EF8300520507 /* Assets.xcassets */,
			);
			name = Assets;
			sourceTree = "<group>";
		};
		E7BDBA811BEE41D00027EF6F /* View */ = {
			isa = PBXGroup;
			children = (
				E7BDBA821BEE42090027EF6F /* TubeInfoTableViewCell.swift */,
			);
			name = View;
			sourceTree = "<group>";
		};
		E7CA8E171BE7F38D00CF56B3 /* Model */ = {
			isa = PBXGroup;
			children = (
				E7BDBA771BEE38340027EF6F /* TFLClient.swift */,
				E7BDBA781BEE38340027EF6F /* TFLConstants.swift */,
				E75859B01BEE15A9003863D0 /* TFLConfig.swift */,
				E7BDBA7D1BEE3EFA0027EF6F /* LineInfo.swift */,
				E7BDBA7F1BEE3F590027EF6F /* RGB.swift */,
				E7BDBA841BEE635B0027EF6F /* TFLConvenience.swift */,
				E7BDBA861BEE7FCD0027EF6F /* TubeColourHelper.swift */,
			);
			name = Model;
			sourceTree = "<group>";
		};
		E7CA8E181BE7F39C00CF56B3 /* Controller */ = {
			isa = PBXGroup;
			children = (
				E7BDBA7B1BEE3B9F0027EF6F /* TubeStatusViewController.swift */,
			);
			name = Controller;
			sourceTree = "<group>";
		};
/* End PBXGroup section */

/* Begin PBXNativeTarget section */
		E71B6EE01BE7EF8300520507 /* TubeStatusFetcher.UI.Swift */ = {
			isa = PBXNativeTarget;
			buildConfigurationList = E71B6EF31BE7EF8300520507 /* Build configuration list for PBXNativeTarget "TubeStatusFetcher.UI.Swift" */;
			buildPhases = (
				E71B6EDD1BE7EF8300520507 /* Sources */,
				E71B6EDE1BE7EF8300520507 /* Frameworks */,
				E71B6EDF1BE7EF8300520507 /* Resources */,
			);
			buildRules = (
			);
			dependencies = (
			);
			name = TubeStatusFetcher.UI.Swift;
			productName = TubeStatusFetcher.UI.Swift;
			productReference = E71B6EE11BE7EF8300520507 /* TubeStatusFetcher.UI.Swift.app */;
			productType = "com.apple.product-type.application";
		};
/* End PBXNativeTarget section */

/* Begin PBXProject section */
		E71B6ED91BE7EF8300520507 /* Project object */ = {
			isa = PBXProject;
			attributes = {
				LastSwiftUpdateCheck = 0710;
				LastUpgradeCheck = 0710;
				ORGANIZATIONNAME = "VOLKAN PAKSOY";
				TargetAttributes = {
					E71B6EE01BE7EF8300520507 = {
						CreatedOnToolsVersion = 7.1;
					};
				};
			};
			buildConfigurationList = E71B6EDC1BE7EF8300520507 /* Build configuration list for PBXProject "TubeStatusFetcher.UI.Swift" */;
			compatibilityVersion = "Xcode 3.2";
			developmentRegion = English;
			hasScannedForEncodings = 0;
			knownRegions = (
				en,
				Base,
			);
			mainGroup = E71B6ED81BE7EF8300520507;
			productRefGroup = E71B6EE21BE7EF8300520507 /* Products */;
			projectDirPath = "";
			projectRoot = "";
			targets = (
				E71B6EE01BE7EF8300520507 /* TubeStatusFetcher.UI.Swift */,
			);
		};
/* End PBXProject section */

/* Begin PBXResourcesBuildPhase section */
		E71B6EDF1BE7EF8300520507 /* Resources */ = {
			isa = PBXResourcesBuildPhase;
			buildActionMask = 2147483647;
			files = (
				E71B6EEF1BE7EF8300520507 /* LaunchScreen.storyboard in Resources */,
				E71B6EEC1BE7EF8300520507 /* Assets.xcassets in Resources */,
				E71B6EEA1BE7EF8300520507 /* Main.storyboard in Resources */,
				E7BDBA8D1BEE87A30027EF6F /* colour.json in Resources */,
			);
			runOnlyForDeploymentPostprocessing = 0;
		};
/* End PBXResourcesBuildPhase section */

/* Begin PBXSourcesBuildPhase section */
		E71B6EDD1BE7EF8300520507 /* Sources */ = {
			isa = PBXSourcesBuildPhase;
			buildActionMask = 2147483647;
			files = (
				E71B6EE51BE7EF8300520507 /* AppDelegate.swift in Sources */,
				E75859B11BEE15A9003863D0 /* TFLConfig.swift in Sources */,
				E7BDBA7A1BEE38340027EF6F /* TFLConstants.swift in Sources */,
				E7BDBA7C1BEE3B9F0027EF6F /* TubeStatusViewController.swift in Sources */,
				E7BDBA801BEE3F590027EF6F /* RGB.swift in Sources */,
				E7BDBA851BEE635B0027EF6F /* TFLConvenience.swift in Sources */,
				E7BDBA831BEE42090027EF6F /* TubeInfoTableViewCell.swift in Sources */,
				E7BDBA871BEE7FCD0027EF6F /* TubeColourHelper.swift in Sources */,
				E7BDBA791BEE38340027EF6F /* TFLClient.swift in Sources */,
				E7BDBA7E1BEE3EFA0027EF6F /* LineInfo.swift in Sources */,
			);
			runOnlyForDeploymentPostprocessing = 0;
		};
/* End PBXSourcesBuildPhase section */

/* Begin PBXVariantGroup section */
		E71B6EE81BE7EF8300520507 /* Main.storyboard */ = {
			isa = PBXVariantGroup;
			children = (
				E71B6EE91BE7EF8300520507 /* Base */,
			);
			name = Main.storyboard;
			sourceTree = "<group>";
		};
		E71B6EED1BE7EF8300520507 /* LaunchScreen.storyboard */ = {
			isa = PBXVariantGroup;
			children = (
				E71B6EEE1BE7EF8300520507 /* Base */,
			);
			name = LaunchScreen.storyboard;
			sourceTree = "<group>";
		};
/* End PBXVariantGroup section */

/* Begin XCBuildConfiguration section */
		E71B6EF11BE7EF8300520507 /* Debug */ = {
			isa = XCBuildConfiguration;
			buildSettings = {
				ALWAYS_SEARCH_USER_PATHS = NO;
				CLANG_CXX_LANGUAGE_STANDARD = "gnu++0x";
				CLANG_CXX_LIBRARY = "libc++";
				CLANG_ENABLE_MODULES = YES;
				CLANG_ENABLE_OBJC_ARC = YES;
				CLANG_WARN_BOOL_CONVERSION = YES;
				CLANG_WARN_CONSTANT_CONVERSION = YES;
				CLANG_WARN_DIRECT_OBJC_ISA_USAGE = YES_ERROR;
				CLANG_WARN_EMPTY_BODY = YES;
				CLANG_WARN_ENUM_CONVERSION = YES;
				CLANG_WARN_INT_CONVERSION = YES;
				CLANG_WARN_OBJC_ROOT_CLASS = YES_ERROR;
				CLANG_WARN_UNREACHABLE_CODE = YES;
				CLANG_WARN__DUPLICATE_METHOD_MATCH = YES;
				"CODE_SIGN_IDENTITY[sdk=iphoneos*]" = "iPhone Developer";
				COPY_PHASE_STRIP = NO;
				DEBUG_INFORMATION_FORMAT = dwarf;
				ENABLE_STRICT_OBJC_MSGSEND = YES;
				ENABLE_TESTABILITY = YES;
				GCC_C_LANGUAGE_STANDARD = gnu99;
				GCC_DYNAMIC_NO_PIC = NO;
				GCC_NO_COMMON_BLOCKS = YES;
				GCC_OPTIMIZATION_LEVEL = 0;
				GCC_PREPROCESSOR_DEFINITIONS = (
					"DEBUG=1",
					"$(inherited)",
				);
				GCC_WARN_64_TO_32_BIT_CONVERSION = YES;
				GCC_WARN_ABOUT_RETURN_TYPE = YES_ERROR;
				GCC_WARN_UNDECLARED_SELECTOR = YES;
				GCC_WARN_UNINITIALIZED_AUTOS = YES_AGGRESSIVE;
				GCC_WARN_UNUSED_FUNCTION = YES;
				GCC_WARN_UNUSED_VARIABLE = YES;
				IPHONEOS_DEPLOYMENT_TARGET = 9.1;
				MTL_ENABLE_DEBUG_INFO = YES;
				ONLY_ACTIVE_ARCH = YES;
				SDKROOT = iphoneos;
				SWIFT_OPTIMIZATION_LEVEL = "-Onone";
				TARGETED_DEVICE_FAMILY = "1,2";
			};
			name = Debug;
		};
		E71B6EF21BE7EF8300520507 /* Release */ = {
			isa = XCBuildConfiguration;
			buildSettings = {
				ALWAYS_SEARCH_USER_PATHS = NO;
				CLANG_CXX_LANGUAGE_STANDARD = "gnu++0x";
				CLANG_CXX_LIBRARY = "libc++";
				CLANG_ENABLE_MODULES = YES;
				CLANG_ENABLE_OBJC_ARC = YES;
				CLANG_WARN_BOOL_CONVERSION = YES;
				CLANG_WARN_CONSTANT_CONVERSION = YES;
				CLANG_WARN_DIRECT_OBJC_ISA_USAGE = YES_ERROR;
				CLANG_WARN_EMPTY_BODY = YES;
				CLANG_WARN_ENUM_CONVERSION = YES;
				CLANG_WARN_INT_CONVERSION = YES;
				CLANG_WARN_OBJC_ROOT_CLASS = YES_ERROR;
				CLANG_WARN_UNREACHABLE_CODE = YES;
				CLANG_WARN__DUPLICATE_METHOD_MATCH = YES;
				"CODE_SIGN_IDENTITY[sdk=iphoneos*]" = "iPhone Developer";
				COPY_PHASE_STRIP = NO;
				DEBUG_INFORMATION_FORMAT = "dwarf-with-dsym";
				ENABLE_NS_ASSERTIONS = NO;
				ENABLE_STRICT_OBJC_MSGSEND = YES;
				GCC_C_LANGUAGE_STANDARD = gnu99;
				GCC_NO_COMMON_BLOCKS = YES;
				GCC_WARN_64_TO_32_BIT_CONVERSION = YES;
				GCC_WARN_ABOUT_RETURN_TYPE = YES_ERROR;
				GCC_WARN_UNDECLARED_SELECTOR = YES;
				GCC_WARN_UNINITIALIZED_AUTOS = YES_AGGRESSIVE;
				GCC_WARN_UNUSED_FUNCTION = YES;
				GCC_WARN_UNUSED_VARIABLE = YES;
				IPHONEOS_DEPLOYMENT_TARGET = 9.1;
				MTL_ENABLE_DEBUG_INFO = NO;
				SDKROOT = iphoneos;
				TARGETED_DEVICE_FAMILY = "1,2";
				VALIDATE_PRODUCT = YES;
			};
			name = Release;
		};
		E71B6EF41BE7EF8300520507 /* Debug */ = {
			isa = XCBuildConfiguration;
			buildSettings = {
				ASSETCATALOG_COMPILER_APPICON_NAME = AppIcon;
				INFOPLIST_FILE = TubeStatusFetcher.UI.Swift/Info.plist;
				LD_RUNPATH_SEARCH_PATHS = "$(inherited) @executable_path/Frameworks";
				PRODUCT_BUNDLE_IDENTIFIER = "com.vp.TubeStatusFetcher-UI-Swift";
				PRODUCT_NAME = "$(TARGET_NAME)";
			};
			name = Debug;
		};
		E71B6EF51BE7EF8300520507 /* Release */ = {
			isa = XCBuildConfiguration;
			buildSettings = {
				ASSETCATALOG_COMPILER_APPICON_NAME = AppIcon;
				INFOPLIST_FILE = TubeStatusFetcher.UI.Swift/Info.plist;
				LD_RUNPATH_SEARCH_PATHS = "$(inherited) @executable_path/Frameworks";
				PRODUCT_BUNDLE_IDENTIFIER = "com.vp.TubeStatusFetcher-UI-Swift";
				PRODUCT_NAME = "$(TARGET_NAME)";
			};
			name = Release;
		};
/* End XCBuildConfiguration section */

/* Begin XCConfigurationList section */
		E71B6EDC1BE7EF8300520507 /* Build configuration list for PBXProject "TubeStatusFetcher.UI.Swift" */ = {
			isa = XCConfigurationList;
			buildConfigurations = (
				E71B6EF11BE7EF8300520507 /* Debug */,
				E71B6EF21BE7EF8300520507 /* Release */,
			);
			defaultConfigurationIsVisible = 0;
			defaultConfigurationName = Release;
		};
		E71B6EF31BE7EF8300520507 /* Build configuration list for PBXNativeTarget "TubeStatusFetcher.UI.Swift" */ = {
			isa = XCConfigurationList;
			buildConfigurations = (
				E71B6EF41BE7EF8300520507 /* Debug */,
				E71B6EF51BE7EF8300520507 /* Release */,
			);
			defaultConfigurationIsVisible = 0;
			defaultConfigurationName = Release;
		};
/* End XCConfigurationList section */
	};
	rootObject = E71B6ED91BE7EF8300520507 /* Project object */;
}
